
Microsoft Visual Studio Solution File, Format Version 12.00
# Visual Studio Version 17
VisualStudioVersion = 17.14.36518.9 d17.14
MinimumVisualStudioVersion = 10.0.40219.1
Project("{FAE04EC0-301F-11D3-BF4B-00C04F79EFBC}") = "CrudUsuarios", "CrudUsuarios.csproj", "{99E61B2A-9E0B-4EEC-B03B-FCBC1DCB912E}"
EndProject
Global
	GlobalSection(SolutionConfigurationPlatforms) = preSolution
		Debug|Any CPU = Debug|Any CPU
		Release|Any CPU = Release|Any CPU
	EndGlobalSection
	GlobalSection(ProjectConfigurationPlatforms) = postSolution
		{99E61B2A-9E0B-4EEC-B03B-FCBC1DCB912E}.Debug|Any CPU.ActiveCfg = Debug|Any CPU
		{99E61B2A-9E0B-4EEC-B03B-FCBC1DCB912E}.Debug|Any CPU.Build.0 = Debug|Any CPU
		{99E61B2A-9E0B-4EEC-B03B-FCBC1DCB912E}.Release|Any CPU.ActiveCfg = Release|Any CPU
		{99E61B2A-9E0B-4EEC-B03B-FCBC1DCB912E}.Release|Any CPU.Build.0 = Release|Any CPU
	EndGlobalSection
	GlobalSection(SolutionProperties) = preSolution
		HideSolutionNode = FALSE
	EndGlobalSection
	GlobalSection(ExtensibilityGlobals) = postSolution
		SolutionGuid = {202F3621-91FA-4ADC-9709-C7DAE45C8D88}
	EndGlobalSection
EndGlobal
